
Microsoft Visual Studio Solution File, Format Version 12.00
# Visual Studio 15
VisualStudioVersion = 15.0.27924.0
MinimumVisualStudioVersion = 10.0.40219.1
Project("{FAE04EC0-301F-11D3-BF4B-00C04F79EFBC}") = "wp2droidMsg", "wp2droidMsg.csproj", "{B6A5FB72-45C7-4E19-A1AE-5D962866F2D2}"
EndProject
Global
	GlobalSection(SolutionConfigurationPlatforms) = preSolution
		Debug|Any CPU = Debug|Any CPU
		Release|Any CPU = Release|Any CPU
	EndGlobalSection
	GlobalSection(ProjectConfigurationPlatforms) = postSolution
		{B6A5FB72-45C7-4E19-A1AE-5D962866F2D2}.Debug|Any CPU.ActiveCfg = Debug|Any CPU
		{B6A5FB72-45C7-4E19-A1AE-5D962866F2D2}.Debug|Any CPU.Build.0 = Debug|Any CPU
		{B6A5FB72-45C7-4E19-A1AE-5D962866F2D2}.Release|Any CPU.ActiveCfg = Release|Any CPU
		{B6A5FB72-45C7-4E19-A1AE-5D962866F2D2}.Release|Any CPU.Build.0 = Release|Any CPU
	EndGlobalSection
	GlobalSection(SolutionProperties) = preSolution
		HideSolutionNode = FALSE
	EndGlobalSection
	GlobalSection(ExtensibilityGlobals) = postSolution
		SolutionGuid = {32C9D3AD-7819-46C0-A6BD-125352F7452D}
	EndGlobalSection
EndGlobal
